// !$*UTF8*$!
{
	archiveVersion = 1;
	classes = {
	};
	objectVersion = 50;
	objects = {

/* Begin PBXBuildFile section */
		9204D0E9222EE8540058B8C9 /* two.wav in Resources */ = {isa = PBXBuildFile; fileRef = 9204D0E6222EE8540058B8C9 /* two.wav */; };
		9204D0EA222EE8540058B8C9 /* one.wav in Resources */ = {isa = PBXBuildFile; fileRef = 9204D0E7222EE8540058B8C9 /* one.wav */; };
		9204D0EB222EE8540058B8C9 /* three.wav in Resources */ = {isa = PBXBuildFile; fileRef = 9204D0E8222EE8540058B8C9 /* three.wav */; };
		9205B61A222DAED900118B95 /* AppDelegate.swift in Sources */ = {isa = PBXBuildFile; fileRef = 9205B619222DAED900118B95 /* AppDelegate.swift */; };
		9205B61C222DAED900118B95 /* GameScene.sks in Resources */ = {isa = PBXBuildFile; fileRef = 9205B61B222DAED900118B95 /* GameScene.sks */; };
		9205B61E222DAED900118B95 /* Actions.sks in Resources */ = {isa = PBXBuildFile; fileRef = 9205B61D222DAED900118B95 /* Actions.sks */; };
		9205B620222DAED900118B95 /* GameScene.swift in Sources */ = {isa = PBXBuildFile; fileRef = 9205B61F222DAED900118B95 /* GameScene.swift */; };
		9205B622222DAED900118B95 /* GameViewController.swift in Sources */ = {isa = PBXBuildFile; fileRef = 9205B621222DAED900118B95 /* GameViewController.swift */; };
		9205B625222DAED900118B95 /* Main.storyboard in Resources */ = {isa = PBXBuildFile; fileRef = 9205B623222DAED900118B95 /* Main.storyboard */; };
		9205B627222DAED900118B95 /* Assets.xcassets in Resources */ = {isa = PBXBuildFile; fileRef = 9205B626222DAED900118B95 /* Assets.xcassets */; };
		9205B62A222DAED900118B95 /* LaunchScreen.storyboard in Resources */ = {isa = PBXBuildFile; fileRef = 9205B628222DAED900118B95 /* LaunchScreen.storyboard */; };
		9205B635222DAED900118B95 /* Wild_West_ShootoutTests.swift in Sources */ = {isa = PBXBuildFile; fileRef = 9205B634222DAED900118B95 /* Wild_West_ShootoutTests.swift */; };
		9205B640222DAED900118B95 /* Wild_West_ShootoutUITests.swift in Sources */ = {isa = PBXBuildFile; fileRef = 9205B63F222DAED900118B95 /* Wild_West_ShootoutUITests.swift */; };
		92063E4A2236A3F400A6EA34 /* introMusic.wav in Resources */ = {isa = PBXBuildFile; fileRef = 92063E492236A3F400A6EA34 /* introMusic.wav */; };
		92065B77222EAFBB001E79EF /* gunshot.wav in Resources */ = {isa = PBXBuildFile; fileRef = 92065B76222EAFBB001E79EF /* gunshot.wav */; };
		926A1E3E22344CC400A93932 /* ShootoutFont.ttf in Resources */ = {isa = PBXBuildFile; fileRef = 926A1E3D22344CC400A93932 /* ShootoutFont.ttf */; };
/* End PBXBuildFile section */

/* Begin PBXContainerItemProxy section */
		9205B631222DAED900118B95 /* PBXContainerItemProxy */ = {
			isa = PBXContainerItemProxy;
			containerPortal = 9205B60E222DAED900118B95 /* Project object */;
			proxyType = 1;
			remoteGlobalIDString = 9205B615222DAED900118B95;
			remoteInfo = "Wild West Shootout";
		};
		9205B63C222DAED900118B95 /* PBXContainerItemProxy */ = {
			isa = PBXContainerItemProxy;
			containerPortal = 9205B60E222DAED900118B95 /* Project object */;
			proxyType = 1;
			remoteGlobalIDString = 9205B615222DAED900118B95;
			remoteInfo = "Wild West Shootout";
		};
/* End PBXContainerItemProxy section */

/* Begin PBXFileReference section */
		9204D0E6222EE8540058B8C9 /* two.wav */ = {isa = PBXFileReference; lastKnownFileType = audio.wav; path = two.wav; sourceTree = "<group>"; };
		9204D0E7222EE8540058B8C9 /* one.wav */ = {isa = PBXFileReference; lastKnownFileType = audio.wav; path = one.wav; sourceTree = "<group>"; };
		9204D0E8222EE8540058B8C9 /* three.wav */ = {isa = PBXFileReference; lastKnownFileType = audio.wav; path = three.wav; sourceTree = "<group>"; };
		9205B616222DAED900118B95 /* Wild West Shootout.app */ = {isa = PBXFileReference; explicitFileType = wrapper.application; includeInIndex = 0; path = "Wild West Shootout.app"; sourceTree = BUILT_PRODUCTS_DIR; };
		9205B619222DAED900118B95 /* AppDelegate.swift */ = {isa = PBXFileReference; lastKnownFileType = sourcecode.swift; path = AppDelegate.swift; sourceTree = "<group>"; };
		9205B61B222DAED900118B95 /* GameScene.sks */ = {isa = PBXFileReference; lastKnownFileType = file.sks; path = GameScene.sks; sourceTree = "<group>"; };
		9205B61D222DAED900118B95 /* Actions.sks */ = {isa = PBXFileReference; lastKnownFileType = file.sks; path = Actions.sks; sourceTree = "<group>"; };
		9205B61F222DAED900118B95 /* GameScene.swift */ = {isa = PBXFileReference; lastKnownFileType = sourcecode.swift; path = GameScene.swift; sourceTree = "<group>"; };
		9205B621222DAED900118B95 /* GameViewController.swift */ = {isa = PBXFileReference; lastKnownFileType = sourcecode.swift; path = GameViewController.swift; sourceTree = "<group>"; };
		9205B624222DAED900118B95 /* Base */ = {isa = PBXFileReference; lastKnownFileType = file.storyboard; name = Base; path = Base.lproj/Main.storyboard; sourceTree = "<group>"; };
		9205B626222DAED900118B95 /* Assets.xcassets */ = {isa = PBXFileReference; lastKnownFileType = folder.assetcatalog; path = Assets.xcassets; sourceTree = "<group>"; };
		9205B629222DAED900118B95 /* Base */ = {isa = PBXFileReference; lastKnownFileType = file.storyboard; name = Base; path = Base.lproj/LaunchScreen.storyboard; sourceTree = "<group>"; };
		9205B62B222DAED900118B95 /* Info.plist */ = {isa = PBXFileReference; lastKnownFileType = text.plist.xml; path = Info.plist; sourceTree = "<group>"; };
		9205B630222DAED900118B95 /* Wild West ShootoutTests.xctest */ = {isa = PBXFileReference; explicitFileType = wrapper.cfbundle; includeInIndex = 0; path = "Wild West ShootoutTests.xctest"; sourceTree = BUILT_PRODUCTS_DIR; };
		9205B634222DAED900118B95 /* Wild_West_ShootoutTests.swift */ = {isa = PBXFileReference; lastKnownFileType = sourcecode.swift; path = Wild_West_ShootoutTests.swift; sourceTree = "<group>"; };
		9205B636222DAED900118B95 /* Info.plist */ = {isa = PBXFileReference; lastKnownFileType = text.plist.xml; path = Info.plist; sourceTree = "<group>"; };
		9205B63B222DAED900118B95 /* Wild West ShootoutUITests.xctest */ = {isa = PBXFileReference; explicitFileType = wrapper.cfbundle; includeInIndex = 0; path = "Wild West ShootoutUITests.xctest"; sourceTree = BUILT_PRODUCTS_DIR; };
		9205B63F222DAED900118B95 /* Wild_West_ShootoutUITests.swift */ = {isa = PBXFileReference; lastKnownFileType = sourcecode.swift; path = Wild_West_ShootoutUITests.swift; sourceTree = "<group>"; };
		9205B641222DAED900118B95 /* Info.plist */ = {isa = PBXFileReference; lastKnownFileType = text.plist.xml; path = Info.plist; sourceTree = "<group>"; };
		92063E492236A3F400A6EA34 /* introMusic.wav */ = {isa = PBXFileReference; lastKnownFileType = audio.wav; path = introMusic.wav; sourceTree = "<group>"; };
		92065B76222EAFBB001E79EF /* gunshot.wav */ = {isa = PBXFileReference; lastKnownFileType = audio.wav; path = gunshot.wav; sourceTree = "<group>"; };
		926A1E3D22344CC400A93932 /* ShootoutFont.ttf */ = {isa = PBXFileReference; lastKnownFileType = file; path = ShootoutFont.ttf; sourceTree = "<group>"; };
/* End PBXFileReference section */

/* Begin PBXFrameworksBuildPhase section */
		9205B613222DAED900118B95 /* Frameworks */ = {
			isa = PBXFrameworksBuildPhase;
			buildActionMask = 2147483647;
			files = (
			);
			runOnlyForDeploymentPostprocessing = 0;
		};
		9205B62D222DAED900118B95 /* Frameworks */ = {
			isa = PBXFrameworksBuildPhase;
			buildActionMask = 2147483647;
			files = (
			);
			runOnlyForDeploymentPostprocessing = 0;
		};
		9205B638222DAED900118B95 /* Frameworks */ = {
			isa = PBXFrameworksBuildPhase;
			buildActionMask = 2147483647;
			files = (
			);
			runOnlyForDeploymentPostprocessing = 0;
		};
/* End PBXFrameworksBuildPhase section */

/* Begin PBXGroup section */
		9205B60D222DAED900118B95 = {
			isa = PBXGroup;
			children = (
				9205B618222DAED900118B95 /* Wild West Shootout */,
				9205B633222DAED900118B95 /* Wild West ShootoutTests */,
				9205B63E222DAED900118B95 /* Wild West ShootoutUITests */,
				9205B617222DAED900118B95 /* Products */,
			);
			sourceTree = "<group>";
		};
		9205B617222DAED900118B95 /* Products */ = {
			isa = PBXGroup;
			children = (
				9205B616222DAED900118B95 /* Wild West Shootout.app */,
				9205B630222DAED900118B95 /* Wild West ShootoutTests.xctest */,
				9205B63B222DAED900118B95 /* Wild West ShootoutUITests.xctest */,
			);
			name = Products;
			sourceTree = "<group>";
		};
		9205B618222DAED900118B95 /* Wild West Shootout */ = {
			isa = PBXGroup;
			children = (
				9205B619222DAED900118B95 /* AppDelegate.swift */,
				9205B61B222DAED900118B95 /* GameScene.sks */,
				9205B61D222DAED900118B95 /* Actions.sks */,
				9205B61F222DAED900118B95 /* GameScene.swift */,
				9205B621222DAED900118B95 /* GameViewController.swift */,
				9205B623222DAED900118B95 /* Main.storyboard */,
				92065B76222EAFBB001E79EF /* gunshot.wav */,
				926A1E3D22344CC400A93932 /* ShootoutFont.ttf */,
				9204D0E7222EE8540058B8C9 /* one.wav */,
				9204D0E8222EE8540058B8C9 /* three.wav */,
				92063E492236A3F400A6EA34 /* introMusic.wav */,
				9204D0E6222EE8540058B8C9 /* two.wav */,
				9205B626222DAED900118B95 /* Assets.xcassets */,
				9205B628222DAED900118B95 /* LaunchScreen.storyboard */,
				9205B62B222DAED900118B95 /* Info.plist */,
			);
			path = "Wild West Shootout";
			sourceTree = "<group>";
		};
		9205B633222DAED900118B95 /* Wild West ShootoutTests */ = {
			isa = PBXGroup;
			children = (
				9205B634222DAED900118B95 /* Wild_West_ShootoutTests.swift */,
				9205B636222DAED900118B95 /* Info.plist */,
			);
			path = "Wild West ShootoutTests";
			sourceTree = "<group>";
		};
		9205B63E222DAED900118B95 /* Wild West ShootoutUITests */ = {
			isa = PBXGroup;
			children = (
				9205B63F222DAED900118B95 /* Wild_West_ShootoutUITests.swift */,
				9205B641222DAED900118B95 /* Info.plist */,
			);
			path = "Wild West ShootoutUITests";
			sourceTree = "<group>";
		};
/* End PBXGroup section */

/* Begin PBXNativeTarget section */
		9205B615222DAED900118B95 /* Wild West Shootout */ = {
			isa = PBXNativeTarget;
			buildConfigurationList = 9205B644222DAED900118B95 /* Build configuration list for PBXNativeTarget "Wild West Shootout" */;
			buildPhases = (
				9205B612222DAED900118B95 /* Sources */,
				9205B613222DAED900118B95 /* Frameworks */,
				9205B614222DAED900118B95 /* Resources */,
			);
			buildRules = (
			);
			dependencies = (
			);
			name = "Wild West Shootout";
			productName = "Wild West Shootout";
			productReference = 9205B616222DAED900118B95 /* Wild West Shootout.app */;
			productType = "com.apple.product-type.application";
		};
		9205B62F222DAED900118B95 /* Wild West ShootoutTests */ = {
			isa = PBXNativeTarget;
			buildConfigurationList = 9205B647222DAED900118B95 /* Build configuration list for PBXNativeTarget "Wild West ShootoutTests" */;
			buildPhases = (
				9205B62C222DAED900118B95 /* Sources */,
				9205B62D222DAED900118B95 /* Frameworks */,
				9205B62E222DAED900118B95 /* Resources */,
			);
			buildRules = (
			);
			dependencies = (
				9205B632222DAED900118B95 /* PBXTargetDependency */,
			);
			name = "Wild West ShootoutTests";
			productName = "Wild West ShootoutTests";
			productReference = 9205B630222DAED900118B95 /* Wild West ShootoutTests.xctest */;
			productType = "com.apple.product-type.bundle.unit-test";
		};
		9205B63A222DAED900118B95 /* Wild West ShootoutUITests */ = {
			isa = PBXNativeTarget;
			buildConfigurationList = 9205B64A222DAED900118B95 /* Build configuration list for PBXNativeTarget "Wild West ShootoutUITests" */;
			buildPhases = (
				9205B637222DAED900118B95 /* Sources */,
				9205B638222DAED900118B95 /* Frameworks */,
				9205B639222DAED900118B95 /* Resources */,
			);
			buildRules = (
			);
			dependencies = (
				9205B63D222DAED900118B95 /* PBXTargetDependency */,
			);
			name = "Wild West ShootoutUITests";
			productName = "Wild West ShootoutUITests";
			productReference = 9205B63B222DAED900118B95 /* Wild West ShootoutUITests.xctest */;
			productType = "com.apple.product-type.bundle.ui-testing";
		};
/* End PBXNativeTarget section */

/* Begin PBXProject section */
		9205B60E222DAED900118B95 /* Project object */ = {
			isa = PBXProject;
			attributes = {
				LastSwiftUpdateCheck = 1010;
				LastUpgradeCheck = 1010;
				ORGANIZATIONNAME = "Anthony Caligure";
				TargetAttributes = {
					9205B615222DAED900118B95 = {
						CreatedOnToolsVersion = 10.1;
					};
					9205B62F222DAED900118B95 = {
						CreatedOnToolsVersion = 10.1;
						TestTargetID = 9205B615222DAED900118B95;
					};
					9205B63A222DAED900118B95 = {
						CreatedOnToolsVersion = 10.1;
						TestTargetID = 9205B615222DAED900118B95;
					};
				};
			};
			buildConfigurationList = 9205B611222DAED900118B95 /* Build configuration list for PBXProject "Wild West Shootout" */;
			compatibilityVersion = "Xcode 9.3";
			developmentRegion = en;
			hasScannedForEncodings = 0;
			knownRegions = (
				en,
				Base,
			);
			mainGroup = 9205B60D222DAED900118B95;
			productRefGroup = 9205B617222DAED900118B95 /* Products */;
			projectDirPath = "";
			projectRoot = "";
			targets = (
				9205B615222DAED900118B95 /* Wild West Shootout */,
				9205B62F222DAED900118B95 /* Wild West ShootoutTests */,
				9205B63A222DAED900118B95 /* Wild West ShootoutUITests */,
			);
		};
/* End PBXProject section */

/* Begin PBXResourcesBuildPhase section */
		9205B614222DAED900118B95 /* Resources */ = {
			isa = PBXResourcesBuildPhase;
			buildActionMask = 2147483647;
			files = (
				9205B625222DAED900118B95 /* Main.storyboard in Resources */,
				9205B61C222DAED900118B95 /* GameScene.sks in Resources */,
				92063E4A2236A3F400A6EA34 /* introMusic.wav in Resources */,
				926A1E3E22344CC400A93932 /* ShootoutFont.ttf in Resources */,
				9205B627222DAED900118B95 /* Assets.xcassets in Resources */,
				92065B77222EAFBB001E79EF /* gunshot.wav in Resources */,
				9204D0E9222EE8540058B8C9 /* two.wav in Resources */,
				9204D0EA222EE8540058B8C9 /* one.wav in Resources */,
				9205B62A222DAED900118B95 /* LaunchScreen.storyboard in Resources */,
				9205B61E222DAED900118B95 /* Actions.sks in Resources */,
				9204D0EB222EE8540058B8C9 /* three.wav in Resources */,
			);
			runOnlyForDeploymentPostprocessing = 0;
		};
		9205B62E222DAED900118B95 /* Resources */ = {
			isa = PBXResourcesBuildPhase;
			buildActionMask = 2147483647;
			files = (
			);
			runOnlyForDeploymentPostprocessing = 0;
		};
		9205B639222DAED900118B95 /* Resources */ = {
			isa = PBXResourcesBuildPhase;
			buildActionMask = 2147483647;
			files = (
			);
			runOnlyForDeploymentPostprocessing = 0;
		};
/* End PBXResourcesBuildPhase section */

/* Begin PBXSourcesBuildPhase section */
		9205B612222DAED900118B95 /* Sources */ = {
			isa = PBXSourcesBuildPhase;
			buildActionMask = 2147483647;
			files = (
				9205B620222DAED900118B95 /* GameScene.swift in Sources */,
				9205B622222DAED900118B95 /* GameViewController.swift in Sources */,
				9205B61A222DAED900118B95 /* AppDelegate.swift in Sources */,
			);
			runOnlyForDeploymentPostprocessing = 0;
		};
		9205B62C222DAED900118B95 /* Sources */ = {
			isa = PBXSourcesBuildPhase;
			buildActionMask = 2147483647;
			files = (
				9205B635222DAED900118B95 /* Wild_West_ShootoutTests.swift in Sources */,
			);
			runOnlyForDeploymentPostprocessing = 0;
		};
		9205B637222DAED900118B95 /* Sources */ = {
			isa = PBXSourcesBuildPhase;
			buildActionMask = 2147483647;
			files = (
				9205B640222DAED900118B95 /* Wild_West_ShootoutUITests.swift in Sources */,
			);
			runOnlyForDeploymentPostprocessing = 0;
		};
/* End PBXSourcesBuildPhase section */

/* Begin PBXTargetDependency section */
		9205B632222DAED900118B95 /* PBXTargetDependency */ = {
			isa = PBXTargetDependency;
			target = 9205B615222DAED900118B95 /* Wild West Shootout */;
			targetProxy = 9205B631222DAED900118B95 /* PBXContainerItemProxy */;
		};
		9205B63D222DAED900118B95 /* PBXTargetDependency */ = {
			isa = PBXTargetDependency;
			target = 9205B615222DAED900118B95 /* Wild West Shootout */;
			targetProxy = 9205B63C222DAED900118B95 /* PBXContainerItemProxy */;
		};
/* End PBXTargetDependency section */

/* Begin PBXVariantGroup section */
		9205B623222DAED900118B95 /* Main.storyboard */ = {
			isa = PBXVariantGroup;
			children = (
				9205B624222DAED900118B95 /* Base */,
			);
			name = Main.storyboard;
			sourceTree = "<group>";
		};
		9205B628222DAED900118B95 /* LaunchScreen.storyboard */ = {
			isa = PBXVariantGroup;
			children = (
				9205B629222DAED900118B95 /* Base */,
			);
			name = LaunchScreen.storyboard;
			sourceTree = "<group>";
		};
/* End PBXVariantGroup section */

/* Begin XCBuildConfiguration section */
		9205B642222DAED900118B95 /* Debug */ = {
			isa = XCBuildConfiguration;
			buildSettings = {
				ALWAYS_SEARCH_USER_PATHS = NO;
				CLANG_ANALYZER_NONNULL = YES;
				CLANG_ANALYZER_NUMBER_OBJECT_CONVERSION = YES_AGGRESSIVE;
				CLANG_CXX_LANGUAGE_STANDARD = "gnu++14";
				CLANG_CXX_LIBRARY = "libc++";
				CLANG_ENABLE_MODULES = YES;
				CLANG_ENABLE_OBJC_ARC = YES;
				CLANG_ENABLE_OBJC_WEAK = YES;
				CLANG_WARN_BLOCK_CAPTURE_AUTORELEASING = YES;
				CLANG_WARN_BOOL_CONVERSION = YES;
				CLANG_WARN_COMMA = YES;
				CLANG_WARN_CONSTANT_CONVERSION = YES;
				CLANG_WARN_DEPRECATED_OBJC_IMPLEMENTATIONS = YES;
				CLANG_WARN_DIRECT_OBJC_ISA_USAGE = YES_ERROR;
				CLANG_WARN_DOCUMENTATION_COMMENTS = YES;
				CLANG_WARN_EMPTY_BODY = YES;
				CLANG_WARN_ENUM_CONVERSION = YES;
				CLANG_WARN_INFINITE_RECURSION = YES;
				CLANG_WARN_INT_CONVERSION = YES;
				CLANG_WARN_NON_LITERAL_NULL_CONVERSION = YES;
				CLANG_WARN_OBJC_IMPLICIT_RETAIN_SELF = YES;
				CLANG_WARN_OBJC_LITERAL_CONVERSION = YES;
				CLANG_WARN_OBJC_ROOT_CLASS = YES_ERROR;
				CLANG_WARN_RANGE_LOOP_ANALYSIS = YES;
				CLANG_WARN_STRICT_PROTOTYPES = YES;
				CLANG_WARN_SUSPICIOUS_MOVE = YES;
				CLANG_WARN_UNGUARDED_AVAILABILITY = YES_AGGRESSIVE;
				CLANG_WARN_UNREACHABLE_CODE = YES;
				CLANG_WARN__DUPLICATE_METHOD_MATCH = YES;
				CODE_SIGN_IDENTITY = "iPhone Developer";
				COPY_PHASE_STRIP = NO;
				DEBUG_INFORMATION_FORMAT = dwarf;
				ENABLE_STRICT_OBJC_MSGSEND = YES;
				ENABLE_TESTABILITY = YES;
				GCC_C_LANGUAGE_STANDARD = gnu11;
				GCC_DYNAMIC_NO_PIC = NO;
				GCC_NO_COMMON_BLOCKS = YES;
				GCC_OPTIMIZATION_LEVEL = 0;
				GCC_PREPROCESSOR_DEFINITIONS = (
					"DEBUG=1",
					"$(inherited)",
				);
				GCC_WARN_64_TO_32_BIT_CONVERSION = YES;
				GCC_WARN_ABOUT_RETURN_TYPE = YES_ERROR;
				GCC_WARN_UNDECLARED_SELECTOR = YES;
				GCC_WARN_UNINITIALIZED_AUTOS = YES_AGGRESSIVE;
				GCC_WARN_UNUSED_FUNCTION = YES;
				GCC_WARN_UNUSED_VARIABLE = YES;
				IPHONEOS_DEPLOYMENT_TARGET = 12.1;
				MTL_ENABLE_DEBUG_INFO = INCLUDE_SOURCE;
				MTL_FAST_MATH = YES;
				ONLY_ACTIVE_ARCH = YES;
				SDKROOT = iphoneos;
				SWIFT_ACTIVE_COMPILATION_CONDITIONS = DEBUG;
				SWIFT_OPTIMIZATION_LEVEL = "-Onone";
			};
			name = Debug;
		};
		9205B643222DAED900118B95 /* Release */ = {
			isa = XCBuildConfiguration;
			buildSettings = {
				ALWAYS_SEARCH_USER_PATHS = NO;
				CLANG_ANALYZER_NONNULL = YES;
				CLANG_ANALYZER_NUMBER_OBJECT_CONVERSION = YES_AGGRESSIVE;
				CLANG_CXX_LANGUAGE_STANDARD = "gnu++14";
				CLANG_CXX_LIBRARY = "libc++";
				CLANG_ENABLE_MODULES = YES;
				CLANG_ENABLE_OBJC_ARC = YES;
				CLANG_ENABLE_OBJC_WEAK = YES;
				CLANG_WARN_BLOCK_CAPTURE_AUTORELEASING = YES;
				CLANG_WARN_BOOL_CONVERSION = YES;
				CLANG_WARN_COMMA = YES;
				CLANG_WARN_CONSTANT_CONVERSION = YES;
				CLANG_WARN_DEPRECATED_OBJC_IMPLEMENTATIONS = YES;
				CLANG_WARN_DIRECT_OBJC_ISA_USAGE = YES_ERROR;
				CLANG_WARN_DOCUMENTATION_COMMENTS = YES;
				CLANG_WARN_EMPTY_BODY = YES;
				CLANG_WARN_ENUM_CONVERSION = YES;
				CLANG_WARN_INFINITE_RECURSION = YES;
				CLANG_WARN_INT_CONVERSION = YES;
				CLANG_WARN_NON_LITERAL_NULL_CONVERSION = YES;
				CLANG_WARN_OBJC_IMPLICIT_RETAIN_SELF = YES;
				CLANG_WARN_OBJC_LITERAL_CONVERSION = YES;
				CLANG_WARN_OBJC_ROOT_CLASS = YES_ERROR;
				CLANG_WARN_RANGE_LOOP_ANALYSIS = YES;
				CLANG_WARN_STRICT_PROTOTYPES = YES;
				CLANG_WARN_SUSPICIOUS_MOVE = YES;
				CLANG_WARN_UNGUARDED_AVAILABILITY = YES_AGGRESSIVE;
				CLANG_WARN_UNREACHABLE_CODE = YES;
				CLANG_WARN__DUPLICATE_METHOD_MATCH = YES;
				CODE_SIGN_IDENTITY = "iPhone Developer";
				COPY_PHASE_STRIP = NO;
				DEBUG_INFORMATION_FORMAT = "dwarf-with-dsym";
				ENABLE_NS_ASSERTIONS = NO;
				ENABLE_STRICT_OBJC_MSGSEND = YES;
				GCC_C_LANGUAGE_STANDARD = gnu11;
				GCC_NO_COMMON_BLOCKS = YES;
				GCC_WARN_64_TO_32_BIT_CONVERSION = YES;
				GCC_WARN_ABOUT_RETURN_TYPE = YES_ERROR;
				GCC_WARN_UNDECLARED_SELECTOR = YES;
				GCC_WARN_UNINITIALIZED_AUTOS = YES_AGGRESSIVE;
				GCC_WARN_UNUSED_FUNCTION = YES;
				GCC_WARN_UNUSED_VARIABLE = YES;
				IPHONEOS_DEPLOYMENT_TARGET = 12.1;
				MTL_ENABLE_DEBUG_INFO = NO;
				MTL_FAST_MATH = YES;
				SDKROOT = iphoneos;
				SWIFT_COMPILATION_MODE = wholemodule;
				SWIFT_OPTIMIZATION_LEVEL = "-O";
				VALIDATE_PRODUCT = YES;
			};
			name = Release;
		};
		9205B645222DAED900118B95 /* Debug */ = {
			isa = XCBuildConfiguration;
			buildSettings = {
				ASSETCATALOG_COMPILER_APPICON_NAME = AppIcon;
				CODE_SIGN_STYLE = Automatic;
				DEVELOPMENT_TEAM = P97S29WM9X;
				INFOPLIST_FILE = "Wild West Shootout/Info.plist";
				LD_RUNPATH_SEARCH_PATHS = (
					"$(inherited)",
					"@executable_path/Frameworks",
				);
				PRODUCT_BUNDLE_IDENTIFIER = "acaligu2.Wild-West-Shootout";
				PRODUCT_NAME = "$(TARGET_NAME)";
				SWIFT_VERSION = 4.2;
				TARGETED_DEVICE_FAMILY = "1,2";
			};
			name = Debug;
		};
		9205B646222DAED900118B95 /* Release */ = {
			isa = XCBuildConfiguration;
			buildSettings = {
				ASSETCATALOG_COMPILER_APPICON_NAME = AppIcon;
				CODE_SIGN_STYLE = Automatic;
				DEVELOPMENT_TEAM = P97S29WM9X;
				INFOPLIST_FILE = "Wild West Shootout/Info.plist";
				LD_RUNPATH_SEARCH_PATHS = (
					"$(inherited)",
					"@executable_path/Frameworks",
				);
				PRODUCT_BUNDLE_IDENTIFIER = "acaligu2.Wild-West-Shootout";
				PRODUCT_NAME = "$(TARGET_NAME)";
				SWIFT_VERSION = 4.2;
				TARGETED_DEVICE_FAMILY = "1,2";
			};
			name = Release;
		};
		9205B648222DAED900118B95 /* Debug */ = {
			isa = XCBuildConfiguration;
			buildSettings = {
				ALWAYS_EMBED_SWIFT_STANDARD_LIBRARIES = YES;
				BUNDLE_LOADER = "$(TEST_HOST)";
				CODE_SIGN_STYLE = Automatic;
				INFOPLIST_FILE = "Wild West ShootoutTests/Info.plist";
				LD_RUNPATH_SEARCH_PATHS = (
					"$(inherited)",
					"@executable_path/Frameworks",
					"@loader_path/Frameworks",
				);
				PRODUCT_BUNDLE_IDENTIFIER = "acaligu2.Wild-West-ShootoutTests";
				PRODUCT_NAME = "$(TARGET_NAME)";
				SWIFT_VERSION = 4.2;
				TARGETED_DEVICE_FAMILY = "1,2";
				TEST_HOST = "$(BUILT_PRODUCTS_DIR)/Wild West Shootout.app/Wild West Shootout";
			};
			name = Debug;
		};
		9205B649222DAED900118B95 /* Release */ = {
			isa = XCBuildConfiguration;
			buildSettings = {
				ALWAYS_EMBED_SWIFT_STANDARD_LIBRARIES = YES;
				BUNDLE_LOADER = "$(TEST_HOST)";
				CODE_SIGN_STYLE = Automatic;
				INFOPLIST_FILE = "Wild West ShootoutTests/Info.plist";
				LD_RUNPATH_SEARCH_PATHS = (
					"$(inherited)",
					"@executable_path/Frameworks",
					"@loader_path/Frameworks",
				);
				PRODUCT_BUNDLE_IDENTIFIER = "acaligu2.Wild-West-ShootoutTests";
				PRODUCT_NAME = "$(TARGET_NAME)";
				SWIFT_VERSION = 4.2;
				TARGETED_DEVICE_FAMILY = "1,2";
				TEST_HOST = "$(BUILT_PRODUCTS_DIR)/Wild West Shootout.app/Wild West Shootout";
			};
			name = Release;
		};
		9205B64B222DAED900118B95 /* Debug */ = {
			isa = XCBuildConfiguration;
			buildSettings = {
				ALWAYS_EMBED_SWIFT_STANDARD_LIBRARIES = YES;
				CODE_SIGN_STYLE = Automatic;
				INFOPLIST_FILE = "Wild West ShootoutUITests/Info.plist";
				LD_RUNPATH_SEARCH_PATHS = (
					"$(inherited)",
					"@executable_path/Frameworks",
					"@loader_path/Frameworks",
				);
				PRODUCT_BUNDLE_IDENTIFIER = "acaligu2.Wild-West-ShootoutUITests";
				PRODUCT_NAME = "$(TARGET_NAME)";
				SWIFT_VERSION = 4.2;
				TARGETED_DEVICE_FAMILY = "1,2";
				TEST_TARGET_NAME = "Wild West Shootout";
			};
			name = Debug;
		};
		9205B64C222DAED900118B95 /* Release */ = {
			isa = XCBuildConfiguration;
			buildSettings = {
				ALWAYS_EMBED_SWIFT_STANDARD_LIBRARIES = YES;
				CODE_SIGN_STYLE = Automatic;
				INFOPLIST_FILE = "Wild West ShootoutUITests/Info.plist";
				LD_RUNPATH_SEARCH_PATHS = (
					"$(inherited)",
					"@executable_path/Frameworks",
					"@loader_path/Frameworks",
				);
				PRODUCT_BUNDLE_IDENTIFIER = "acaligu2.Wild-West-ShootoutUITests";
				PRODUCT_NAME = "$(TARGET_NAME)";
				SWIFT_VERSION = 4.2;
				TARGETED_DEVICE_FAMILY = "1,2";
				TEST_TARGET_NAME = "Wild West Shootout";
			};
			name = Release;
		};
/* End XCBuildConfiguration section */

/* Begin XCConfigurationList section */
		9205B611222DAED900118B95 /* Build configuration list for PBXProject "Wild West Shootout" */ = {
			isa = XCConfigurationList;
			buildConfigurations = (
				9205B642222DAED900118B95 /* Debug */,
				9205B643222DAED900118B95 /* Release */,
			);
			defaultConfigurationIsVisible = 0;
			defaultConfigurationName = Release;
		};
		9205B644222DAED900118B95 /* Build configuration list for PBXNativeTarget "Wild West Shootout" */ = {
			isa = XCConfigurationList;
			buildConfigurations = (
				9205B645222DAED900118B95 /* Debug */,
				9205B646222DAED900118B95 /* Release */,
			);
			defaultConfigurationIsVisible = 0;
			defaultConfigurationName = Release;
		};
		9205B647222DAED900118B95 /* Build configuration list for PBXNativeTarget "Wild West ShootoutTests" */ = {
			isa = XCConfigurationList;
			buildConfigurations = (
				9205B648222DAED900118B95 /* Debug */,
				9205B649222DAED900118B95 /* Release */,
			);
			defaultConfigurationIsVisible = 0;
			defaultConfigurationName = Release;
		};
		9205B64A222DAED900118B95 /* Build configuration list for PBXNativeTarget "Wild West ShootoutUITests" */ = {
			isa = XCConfigurationList;
			buildConfigurations = (
				9205B64B222DAED900118B95 /* Debug */,
				9205B64C222DAED900118B95 /* Release */,
			);
			defaultConfigurationIsVisible = 0;
			defaultConfigurationName = Release;
		};
/* End XCConfigurationList section */
	};
	rootObject = 9205B60E222DAED900118B95 /* Project object */;
}
